
Microsoft Visual Studio Solution File, Format Version 12.00
# Visual Studio Version 16
VisualStudioVersion = 16.0.30413.136
MinimumVisualStudioVersion = 10.0.40219.1
Project("{8BC9CEB8-8B4A-11D0-8D11-00A0C91BC942}") = "Индивидуальная работа. Дискретка", "Индивидуальная работа. Дискретка\Индивидуальная работа. Дискретка.vcxproj", "{2EC2D8E6-227C-40C5-954B-71B20990C80D}"
EndProject
Global
	GlobalSection(SolutionConfigurationPlatforms) = preSolution
		Debug|x64 = Debug|x64
		Debug|x86 = Debug|x86
		Release|x64 = Release|x64
		Release|x86 = Release|x86
	EndGlobalSection
	GlobalSection(ProjectConfigurationPlatforms) = postSolution
		{2EC2D8E6-227C-40C5-954B-71B20990C80D}.Debug|x64.ActiveCfg = Debug|x64
		{2EC2D8E6-227C-40C5-954B-71B20990C80D}.Debug|x64.Build.0 = Debug|x64
		{2EC2D8E6-227C-40C5-954B-71B20990C80D}.Debug|x86.ActiveCfg = Debug|Win32
		{2EC2D8E6-227C-40C5-954B-71B20990C80D}.Debug|x86.Build.0 = Debug|Win32
		{2EC2D8E6-227C-40C5-954B-71B20990C80D}.Release|x64.ActiveCfg = Release|x64
		{2EC2D8E6-227C-40C5-954B-71B20990C80D}.Release|x64.Build.0 = Release|x64
		{2EC2D8E6-227C-40C5-954B-71B20990C80D}.Release|x86.ActiveCfg = Release|Win32
		{2EC2D8E6-227C-40C5-954B-71B20990C80D}.Release|x86.Build.0 = Release|Win32
	EndGlobalSection
	GlobalSection(SolutionProperties) = preSolution
		HideSolutionNode = FALSE
	EndGlobalSection
	GlobalSection(ExtensibilityGlobals) = postSolution
		SolutionGuid = {C52BCCD8-9214-4A27-A4AB-DFCCA3FB941F}
	EndGlobalSection
EndGlobal
